
Microsoft Visual Studio Solution File, Format Version 12.00
# Visual Studio Version 17
VisualStudioVersion = 17.1.32319.34
MinimumVisualStudioVersion = 10.0.40219.1
Project("{FAE04EC0-301F-11D3-BF4B-00C04F79EFBC}") = "Serv", "Serv\Serv.csproj", "{FAA0A2D7-5A7E-4FA2-9FCD-0DCD6BDF491C}"
EndProject
Global
	GlobalSection(SolutionConfigurationPlatforms) = preSolution
		Debug|Any CPU = Debug|Any CPU
		Release|Any CPU = Release|Any CPU
	EndGlobalSection
	GlobalSection(ProjectConfigurationPlatforms) = postSolution
		{FAA0A2D7-5A7E-4FA2-9FCD-0DCD6BDF491C}.Debug|Any CPU.ActiveCfg = Debug|Any CPU
		{FAA0A2D7-5A7E-4FA2-9FCD-0DCD6BDF491C}.Debug|Any CPU.Build.0 = Debug|Any CPU
		{FAA0A2D7-5A7E-4FA2-9FCD-0DCD6BDF491C}.Release|Any CPU.ActiveCfg = Release|Any CPU
		{FAA0A2D7-5A7E-4FA2-9FCD-0DCD6BDF491C}.Release|Any CPU.Build.0 = Release|Any CPU
	EndGlobalSection
	GlobalSection(SolutionProperties) = preSolution
		HideSolutionNode = FALSE
	EndGlobalSection
	GlobalSection(ExtensibilityGlobals) = postSolution
		SolutionGuid = {361F9C8E-1BD3-469F-AB7B-F4CA8D720714}
	EndGlobalSection
EndGlobal
